
Microsoft Visual Studio Solution File, Format Version 12.00
# Visual Studio Version 17
VisualStudioVersion = 17.14.36518.9
MinimumVisualStudioVersion = 10.0.40219.1
Project("{8BC9CEB8-8B4A-11D0-8D11-00A0C91BC942}") = "fibo", "Project1\Project1.vcxproj", "{08A383B5-BC84-41AB-AC2B-9E52F43998BE}"
EndProject
Project("{8BC9CEB8-8B4A-11D0-8D11-00A0C91BC942}") = "Map_Usage", "Map_Usage\Map_Usage.vcxproj", "{428DD33E-D08B-43E9-B3C3-028445E78A0A}"
EndProject
Project("{8BC9CEB8-8B4A-11D0-8D11-00A0C91BC942}") = "vector_find", "vector_find\vector_find.vcxproj", "{D6D42F31-27C9-4495-9BE8-42B2C57D29E1}"
EndProject
Project("{8BC9CEB8-8B4A-11D0-8D11-00A0C91BC942}") = "iterator_usage", "iterator_usage\iterator_usage.vcxproj", "{27D7E578-89AE-402C-9F94-9B0FB8BB7A75}"
EndProject
Project("{8BC9CEB8-8B4A-11D0-8D11-00A0C91BC942}") = "string to vector", "string to vector\string to vector.vcxproj", "{75AD2527-8AD8-4C79-9F45-13728AD1D49F}"
EndProject
Project("{8BC9CEB8-8B4A-11D0-8D11-00A0C91BC942}") = "iostream iterators泛型编程样例", "iostream iterators泛型编程样例\iostream iterators泛型编程样例.vcxproj", "{C1D77B19-3A10-447C-A7CB-0E3B35C97242}"
EndProject
Project("{8BC9CEB8-8B4A-11D0-8D11-00A0C91BC942}") = "filter", "filter\filter.vcxproj", "{F776965B-3D0E-4685-BB38-BDCD1B5775F0}"
EndProject
Project("{8BC9CEB8-8B4A-11D0-8D11-00A0C91BC942}") = "MyStack设计类", "MyStack\MyStack.vcxproj", "{8B8A4B3D-4262-4518-9D1E-259BD798D3A3}"
EndProject
Project("{8BC9CEB8-8B4A-11D0-8D11-00A0C91BC942}") = "matrix运算", "matrix运算\matrix运算.vcxproj", "{BD6BAD7A-D2F4-49C6-AD5E-B5E22D1C7A87}"
EndProject
Project("{8BC9CEB8-8B4A-11D0-8D11-00A0C91BC942}") = "MyMatrix", "MyMatrix\MyMatrix.vcxproj", "{54326EE7-7903-4F0A-AABC-1C2A0903FAFB}"
EndProject
Project("{8BC9CEB8-8B4A-11D0-8D11-00A0C91BC942}") = "class Cref", "class Cref\class Cref.vcxproj", "{6E269897-EB30-44A3-9461-05ECD699BF7B}"
EndProject
Project("{8BC9CEB8-8B4A-11D0-8D11-00A0C91BC942}") = "string浅拷贝", "string浅拷贝\string浅拷贝.vcxproj", "{EFF7FA4C-1ACF-4DF1-A3D6-2D7F05C94E92}"
EndProject
Global
	GlobalSection(SolutionConfigurationPlatforms) = preSolution
		Debug|x64 = Debug|x64
		Debug|x86 = Debug|x86
		Release|x64 = Release|x64
		Release|x86 = Release|x86
	EndGlobalSection
	GlobalSection(ProjectConfigurationPlatforms) = postSolution
		{08A383B5-BC84-41AB-AC2B-9E52F43998BE}.Debug|x64.ActiveCfg = Debug|x64
		{08A383B5-BC84-41AB-AC2B-9E52F43998BE}.Debug|x64.Build.0 = Debug|x64
		{08A383B5-BC84-41AB-AC2B-9E52F43998BE}.Debug|x86.ActiveCfg = Debug|Win32
		{08A383B5-BC84-41AB-AC2B-9E52F43998BE}.Debug|x86.Build.0 = Debug|Win32
		{08A383B5-BC84-41AB-AC2B-9E52F43998BE}.Release|x64.ActiveCfg = Release|x64
		{08A383B5-BC84-41AB-AC2B-9E52F43998BE}.Release|x64.Build.0 = Release|x64
		{08A383B5-BC84-41AB-AC2B-9E52F43998BE}.Release|x86.ActiveCfg = Release|Win32
		{08A383B5-BC84-41AB-AC2B-9E52F43998BE}.Release|x86.Build.0 = Release|Win32
		{428DD33E-D08B-43E9-B3C3-028445E78A0A}.Debug|x64.ActiveCfg = Debug|x64
		{428DD33E-D08B-43E9-B3C3-028445E78A0A}.Debug|x64.Build.0 = Debug|x64
		{428DD33E-D08B-43E9-B3C3-028445E78A0A}.Debug|x86.ActiveCfg = Debug|Win32
		{428DD33E-D08B-43E9-B3C3-028445E78A0A}.Debug|x86.Build.0 = Debug|Win32
		{428DD33E-D08B-43E9-B3C3-028445E78A0A}.Release|x64.ActiveCfg = Release|x64
		{428DD33E-D08B-43E9-B3C3-028445E78A0A}.Release|x64.Build.0 = Release|x64
		{428DD33E-D08B-43E9-B3C3-028445E78A0A}.Release|x86.ActiveCfg = Release|Win32
		{428DD33E-D08B-43E9-B3C3-028445E78A0A}.Release|x86.Build.0 = Release|Win32
		{D6D42F31-27C9-4495-9BE8-42B2C57D29E1}.Debug|x64.ActiveCfg = Debug|x64
		{D6D42F31-27C9-4495-9BE8-42B2C57D29E1}.Debug|x64.Build.0 = Debug|x64
		{D6D42F31-27C9-4495-9BE8-42B2C57D29E1}.Debug|x86.ActiveCfg = Debug|Win32
		{D6D42F31-27C9-4495-9BE8-42B2C57D29E1}.Debug|x86.Build.0 = Debug|Win32
		{D6D42F31-27C9-4495-9BE8-42B2C57D29E1}.Release|x64.ActiveCfg = Release|x64
		{D6D42F31-27C9-4495-9BE8-42B2C57D29E1}.Release|x64.Build.0 = Release|x64
		{D6D42F31-27C9-4495-9BE8-42B2C57D29E1}.Release|x86.ActiveCfg = Release|Win32
		{D6D42F31-27C9-4495-9BE8-42B2C57D29E1}.Release|x86.Build.0 = Release|Win32
		{27D7E578-89AE-402C-9F94-9B0FB8BB7A75}.Debug|x64.ActiveCfg = Debug|x64
		{27D7E578-89AE-402C-9F94-9B0FB8BB7A75}.Debug|x64.Build.0 = Debug|x64
		{27D7E578-89AE-402C-9F94-9B0FB8BB7A75}.Debug|x86.ActiveCfg = Debug|Win32
		{27D7E578-89AE-402C-9F94-9B0FB8BB7A75}.Debug|x86.Build.0 = Debug|Win32
		{27D7E578-89AE-402C-9F94-9B0FB8BB7A75}.Release|x64.ActiveCfg = Release|x64
		{27D7E578-89AE-402C-9F94-9B0FB8BB7A75}.Release|x64.Build.0 = Release|x64
		{27D7E578-89AE-402C-9F94-9B0FB8BB7A75}.Release|x86.ActiveCfg = Release|Win32
		{27D7E578-89AE-402C-9F94-9B0FB8BB7A75}.Release|x86.Build.0 = Release|Win32
		{75AD2527-8AD8-4C79-9F45-13728AD1D49F}.Debug|x64.ActiveCfg = Debug|x64
		{75AD2527-8AD8-4C79-9F45-13728AD1D49F}.Debug|x64.Build.0 = Debug|x64
		{75AD2527-8AD8-4C79-9F45-13728AD1D49F}.Debug|x86.ActiveCfg = Debug|Win32
		{75AD2527-8AD8-4C79-9F45-13728AD1D49F}.Debug|x86.Build.0 = Debug|Win32
		{75AD2527-8AD8-4C79-9F45-13728AD1D49F}.Release|x64.ActiveCfg = Release|x64
		{75AD2527-8AD8-4C79-9F45-13728AD1D49F}.Release|x64.Build.0 = Release|x64
		{75AD2527-8AD8-4C79-9F45-13728AD1D49F}.Release|x86.ActiveCfg = Release|Win32
		{75AD2527-8AD8-4C79-9F45-13728AD1D49F}.Release|x86.Build.0 = Release|Win32
		{C1D77B19-3A10-447C-A7CB-0E3B35C97242}.Debug|x64.ActiveCfg = Debug|x64
		{C1D77B19-3A10-447C-A7CB-0E3B35C97242}.Debug|x64.Build.0 = Debug|x64
		{C1D77B19-3A10-447C-A7CB-0E3B35C97242}.Debug|x86.ActiveCfg = Debug|Win32
		{C1D77B19-3A10-447C-A7CB-0E3B35C97242}.Debug|x86.Build.0 = Debug|Win32
		{C1D77B19-3A10-447C-A7CB-0E3B35C97242}.Release|x64.ActiveCfg = Release|x64
		{C1D77B19-3A10-447C-A7CB-0E3B35C97242}.Release|x64.Build.0 = Release|x64
		{C1D77B19-3A10-447C-A7CB-0E3B35C97242}.Release|x86.ActiveCfg = Release|Win32
		{C1D77B19-3A10-447C-A7CB-0E3B35C97242}.Release|x86.Build.0 = Release|Win32
		{F776965B-3D0E-4685-BB38-BDCD1B5775F0}.Debug|x64.ActiveCfg = Debug|x64
		{F776965B-3D0E-4685-BB38-BDCD1B5775F0}.Debug|x64.Build.0 = Debug|x64
		{F776965B-3D0E-4685-BB38-BDCD1B5775F0}.Debug|x86.ActiveCfg = Debug|Win32
		{F776965B-3D0E-4685-BB38-BDCD1B5775F0}.Debug|x86.Build.0 = Debug|Win32
		{F776965B-3D0E-4685-BB38-BDCD1B5775F0}.Release|x64.ActiveCfg = Release|x64
		{F776965B-3D0E-4685-BB38-BDCD1B5775F0}.Release|x64.Build.0 = Release|x64
		{F776965B-3D0E-4685-BB38-BDCD1B5775F0}.Release|x86.ActiveCfg = Release|Win32
		{F776965B-3D0E-4685-BB38-BDCD1B5775F0}.Release|x86.Build.0 = Release|Win32
		{8B8A4B3D-4262-4518-9D1E-259BD798D3A3}.Debug|x64.ActiveCfg = Debug|x64
		{8B8A4B3D-4262-4518-9D1E-259BD798D3A3}.Debug|x64.Build.0 = Debug|x64
		{8B8A4B3D-4262-4518-9D1E-259BD798D3A3}.Debug|x86.ActiveCfg = Debug|Win32
		{8B8A4B3D-4262-4518-9D1E-259BD798D3A3}.Debug|x86.Build.0 = Debug|Win32
		{8B8A4B3D-4262-4518-9D1E-259BD798D3A3}.Release|x64.ActiveCfg = Release|x64
		{8B8A4B3D-4262-4518-9D1E-259BD798D3A3}.Release|x64.Build.0 = Release|x64
		{8B8A4B3D-4262-4518-9D1E-259BD798D3A3}.Release|x86.ActiveCfg = Release|Win32
		{8B8A4B3D-4262-4518-9D1E-259BD798D3A3}.Release|x86.Build.0 = Release|Win32
		{BD6BAD7A-D2F4-49C6-AD5E-B5E22D1C7A87}.Debug|x64.ActiveCfg = Debug|x64
		{BD6BAD7A-D2F4-49C6-AD5E-B5E22D1C7A87}.Debug|x64.Build.0 = Debug|x64
		{BD6BAD7A-D2F4-49C6-AD5E-B5E22D1C7A87}.Debug|x86.ActiveCfg = Debug|Win32
		{BD6BAD7A-D2F4-49C6-AD5E-B5E22D1C7A87}.Debug|x86.Build.0 = Debug|Win32
		{BD6BAD7A-D2F4-49C6-AD5E-B5E22D1C7A87}.Release|x64.ActiveCfg = Release|x64
		{BD6BAD7A-D2F4-49C6-AD5E-B5E22D1C7A87}.Release|x64.Build.0 = Release|x64
		{BD6BAD7A-D2F4-49C6-AD5E-B5E22D1C7A87}.Release|x86.ActiveCfg = Release|Win32
		{BD6BAD7A-D2F4-49C6-AD5E-B5E22D1C7A87}.Release|x86.Build.0 = Release|Win32
		{54326EE7-7903-4F0A-AABC-1C2A0903FAFB}.Debug|x64.ActiveCfg = Debug|x64
		{54326EE7-7903-4F0A-AABC-1C2A0903FAFB}.Debug|x64.Build.0 = Debug|x64
		{54326EE7-7903-4F0A-AABC-1C2A0903FAFB}.Debug|x86.ActiveCfg = Debug|Win32
		{54326EE7-7903-4F0A-AABC-1C2A0903FAFB}.Debug|x86.Build.0 = Debug|Win32
		{54326EE7-7903-4F0A-AABC-1C2A0903FAFB}.Release|x64.ActiveCfg = Release|x64
		{54326EE7-7903-4F0A-AABC-1C2A0903FAFB}.Release|x64.Build.0 = Release|x64
		{54326EE7-7903-4F0A-AABC-1C2A0903FAFB}.Release|x86.ActiveCfg = Release|Win32
		{54326EE7-7903-4F0A-AABC-1C2A0903FAFB}.Release|x86.Build.0 = Release|Win32
		{6E269897-EB30-44A3-9461-05ECD699BF7B}.Debug|x64.ActiveCfg = Debug|x64
		{6E269897-EB30-44A3-9461-05ECD699BF7B}.Debug|x64.Build.0 = Debug|x64
		{6E269897-EB30-44A3-9461-05ECD699BF7B}.Debug|x86.ActiveCfg = Debug|Win32
		{6E269897-EB30-44A3-9461-05ECD699BF7B}.Debug|x86.Build.0 = Debug|Win32
		{6E269897-EB30-44A3-9461-05ECD699BF7B}.Release|x64.ActiveCfg = Release|x64
		{6E269897-EB30-44A3-9461-05ECD699BF7B}.Release|x64.Build.0 = Release|x64
		{6E269897-EB30-44A3-9461-05ECD699BF7B}.Release|x86.ActiveCfg = Release|Win32
		{6E269897-EB30-44A3-9461-05ECD699BF7B}.Release|x86.Build.0 = Release|Win32
		{EFF7FA4C-1ACF-4DF1-A3D6-2D7F05C94E92}.Debug|x64.ActiveCfg = Debug|x64
		{EFF7FA4C-1ACF-4DF1-A3D6-2D7F05C94E92}.Debug|x64.Build.0 = Debug|x64
		{EFF7FA4C-1ACF-4DF1-A3D6-2D7F05C94E92}.Debug|x86.ActiveCfg = Debug|Win32
		{EFF7FA4C-1ACF-4DF1-A3D6-2D7F05C94E92}.Debug|x86.Build.0 = Debug|Win32
		{EFF7FA4C-1ACF-4DF1-A3D6-2D7F05C94E92}.Release|x64.ActiveCfg = Release|x64
		{EFF7FA4C-1ACF-4DF1-A3D6-2D7F05C94E92}.Release|x64.Build.0 = Release|x64
		{EFF7FA4C-1ACF-4DF1-A3D6-2D7F05C94E92}.Release|x86.ActiveCfg = Release|Win32
		{EFF7FA4C-1ACF-4DF1-A3D6-2D7F05C94E92}.Release|x86.Build.0 = Release|Win32
	EndGlobalSection
	GlobalSection(SolutionProperties) = preSolution
		HideSolutionNode = FALSE
	EndGlobalSection
	GlobalSection(ExtensibilityGlobals) = postSolution
		SolutionGuid = {56D43879-165F-45B7-B064-302EC792F8DF}
	EndGlobalSection
EndGlobal
