
Microsoft Visual Studio Solution File, Format Version 12.00
# Visual Studio Version 17
VisualStudioVersion = 17.14.36518.9
MinimumVisualStudioVersion = 10.0.40219.1
Project("{8BC9CEB8-8B4A-11D0-8D11-00A0C91BC942}") = "Ass1_p1", "Ass1_p1\Ass1_p1.vcxproj", "{3BDDF855-0371-4EAD-810F-56E907DD6E17}"
EndProject
Project("{8BC9CEB8-8B4A-11D0-8D11-00A0C91BC942}") = "Ass1_p2_vectorUse", "Ass1_p2_vectorUse\Ass1_p2_vectorUse.vcxproj", "{F7554B9C-B892-4A57-ACBD-2176BEDBF4B8}"
EndProject
Project("{8BC9CEB8-8B4A-11D0-8D11-00A0C91BC942}") = "Ass1_p3_stringUse", "Ass1_p3_stringUse\Ass1_p3_stringUse.vcxproj", "{383558C1-4738-4662-9B6C-51BA381E9781}"
EndProject
Project("{8BC9CEB8-8B4A-11D0-8D11-00A0C91BC942}") = "Ass1_p4_typedef", "Ass1_p4_typedef\Ass1_p4_typedef.vcxproj", "{2DDCD249-F149-4FFC-A4E9-B89CA5D282D2}"
EndProject
Project("{8BC9CEB8-8B4A-11D0-8D11-00A0C91BC942}") = "Ass1_p5_array", "Ass1_p5_array\Ass1_p5_array.vcxproj", "{47371F39-67A1-4C99-B167-65424F94B675}"
EndProject
Project("{8BC9CEB8-8B4A-11D0-8D11-00A0C91BC942}") = "Ass2_p1", "Ass2_p1\Ass2_p1.vcxproj", "{8CC91DFD-029D-4DC7-A432-315D083B5BB6}"
EndProject
Project("{8BC9CEB8-8B4A-11D0-8D11-00A0C91BC942}") = "Ass2_p2", "Ass2_p2\Ass2_p2.vcxproj", "{2E34B5C4-C417-489B-A46B-1DFE82D3FD63}"
EndProject
Project("{8BC9CEB8-8B4A-11D0-8D11-00A0C91BC942}") = "Ass2_p3", "Ass2_p3\Ass2_p3.vcxproj", "{B0A9BC15-3268-40EA-A0EF-7ADF05B36A8A}"
EndProject
Project("{8BC9CEB8-8B4A-11D0-8D11-00A0C91BC942}") = "Ass2_p4", "Ass2_p4\Ass2_p4.vcxproj", "{063ECCD8-ED81-4C7C-BAB7-E4361A89CADC}"
EndProject
Project("{8BC9CEB8-8B4A-11D0-8D11-00A0C91BC942}") = "Ass2_p5", "Ass2_p5\Ass2_p5.vcxproj", "{1CACB68D-F8DA-47C9-A9BB-6C048DBF7EED}"
EndProject
Project("{8BC9CEB8-8B4A-11D0-8D11-00A0C91BC942}") = "Gomoku五子棋", "Gomoku五子棋\Gomoku五子棋.vcxproj", "{9D49ADDF-57AA-47DD-B25A-DBC67A410F6B}"
EndProject
Project("{8BC9CEB8-8B4A-11D0-8D11-00A0C91BC942}") = "Gomoku五子棋1", "Gomoku五子棋1\Gomoku五子棋1.vcxproj", "{1311942B-1643-4EF6-BBD1-FDE2B3D0BCB9}"
EndProject
Project("{8BC9CEB8-8B4A-11D0-8D11-00A0C91BC942}") = "Gomoku五子棋2mine", "Gomoku五子棋2mine\Gomoku五子棋2mine.vcxproj", "{5E90FAD5-7038-4C34-A80E-1E288C8D9342}"
EndProject
Project("{8BC9CEB8-8B4A-11D0-8D11-00A0C91BC942}") = "Gomoku五子棋1KAMIver.分文件", "Gomoku五子棋1KAMIver.分文件\Gomoku五子棋1KAMIver.分文件.vcxproj", "{4C1AB1B5-C88E-4A5B-8E5E-2568F0B89FA3}"
EndProject
Project("{8BC9CEB8-8B4A-11D0-8D11-00A0C91BC942}") = "Ass3_p1", "Ass3_p1\Ass3_p1.vcxproj", "{E91D6EEB-928E-498D-A607-D27C534570E2}"
EndProject
Project("{8BC9CEB8-8B4A-11D0-8D11-00A0C91BC942}") = "Ass3_p2", "Ass3_p2\Ass3_p2.vcxproj", "{DCC5B798-3946-40A5-B147-C8BF8059AEC0}"
EndProject
Project("{8BC9CEB8-8B4A-11D0-8D11-00A0C91BC942}") = "Ass3_p3", "Ass3_p3\Ass3_p3.vcxproj", "{7EF2E2FF-E80A-469F-BB39-5C95C6CFB628}"
EndProject
Project("{8BC9CEB8-8B4A-11D0-8D11-00A0C91BC942}") = "Ass3_p4", "Ass3_p4\Ass3_p4.vcxproj", "{11EA8E48-4F99-4EAA-8884-B8AE91A5F281}"
EndProject
Project("{8BC9CEB8-8B4A-11D0-8D11-00A0C91BC942}") = "Gomoku五子棋3", "Gomoku五子棋3\Gomoku五子棋3.vcxproj", "{C9FBECA4-4DC0-4798-94A6-9E2A1EA7C255}"
EndProject
Project("{8BC9CEB8-8B4A-11D0-8D11-00A0C91BC942}") = "Gomoku五子棋4", "Gomoku五子棋4\Gomoku五子棋4.vcxproj", "{C9354CEB-32CB-4930-8741-898F04376DBA}"
EndProject
Project("{8BC9CEB8-8B4A-11D0-8D11-00A0C91BC942}") = "Gomoku五子棋5", "Gomoku五子棋5\Gomoku五子棋5.vcxproj", "{B96BB64D-6831-4F69-916A-E23FCA6F3823}"
EndProject
Project("{8BC9CEB8-8B4A-11D0-8D11-00A0C91BC942}") = "Ass4_p1", "Ass4_p1\Ass4_p1.vcxproj", "{BDC28C35-57DB-4522-BF6C-43EB3FA0F916}"
EndProject
Project("{8BC9CEB8-8B4A-11D0-8D11-00A0C91BC942}") = "Ass4_p2", "Ass4_p2\Ass4_p2.vcxproj", "{C5FD91BB-59C3-464F-B363-8A9E45567F2F}"
EndProject
Project("{8BC9CEB8-8B4A-11D0-8D11-00A0C91BC942}") = "Ass4_p3", "Ass4_p3\Ass4_p3.vcxproj", "{968BCF51-3CA3-44D3-BB81-BB153484EBCC}"
EndProject
Project("{8BC9CEB8-8B4A-11D0-8D11-00A0C91BC942}") = "Ass4_p4", "Ass4_p4\Ass4_p4.vcxproj", "{5C22A94F-DF6F-468E-BA80-581BD6D33E6A}"
EndProject
Project("{8BC9CEB8-8B4A-11D0-8D11-00A0C91BC942}") = "Ass4_p5", "Ass4_p5\Ass4_p5.vcxproj", "{FBFBE3D7-F440-4456-AB58-B19F1A2FE0E2}"
EndProject
Project("{8BC9CEB8-8B4A-11D0-8D11-00A0C91BC942}") = "Ass4_p6", "Ass4_p6\Ass4_p6.vcxproj", "{CB5138B0-FBC3-4580-9FF5-02C1CEB6889B}"
EndProject
Project("{8BC9CEB8-8B4A-11D0-8D11-00A0C91BC942}") = "多线程", "多线程\多线程.vcxproj", "{EC08B571-383F-48DC-B657-E42C67D4EB6D}"
EndProject
Global
	GlobalSection(SolutionConfigurationPlatforms) = preSolution
		Debug|x64 = Debug|x64
		Debug|x86 = Debug|x86
		Release|x64 = Release|x64
		Release|x86 = Release|x86
	EndGlobalSection
	GlobalSection(ProjectConfigurationPlatforms) = postSolution
		{3BDDF855-0371-4EAD-810F-56E907DD6E17}.Debug|x64.ActiveCfg = Debug|x64
		{3BDDF855-0371-4EAD-810F-56E907DD6E17}.Debug|x64.Build.0 = Debug|x64
		{3BDDF855-0371-4EAD-810F-56E907DD6E17}.Debug|x86.ActiveCfg = Debug|Win32
		{3BDDF855-0371-4EAD-810F-56E907DD6E17}.Debug|x86.Build.0 = Debug|Win32
		{3BDDF855-0371-4EAD-810F-56E907DD6E17}.Release|x64.ActiveCfg = Release|x64
		{3BDDF855-0371-4EAD-810F-56E907DD6E17}.Release|x64.Build.0 = Release|x64
		{3BDDF855-0371-4EAD-810F-56E907DD6E17}.Release|x86.ActiveCfg = Release|Win32
		{3BDDF855-0371-4EAD-810F-56E907DD6E17}.Release|x86.Build.0 = Release|Win32
		{F7554B9C-B892-4A57-ACBD-2176BEDBF4B8}.Debug|x64.ActiveCfg = Debug|x64
		{F7554B9C-B892-4A57-ACBD-2176BEDBF4B8}.Debug|x64.Build.0 = Debug|x64
		{F7554B9C-B892-4A57-ACBD-2176BEDBF4B8}.Debug|x86.ActiveCfg = Debug|Win32
		{F7554B9C-B892-4A57-ACBD-2176BEDBF4B8}.Debug|x86.Build.0 = Debug|Win32
		{F7554B9C-B892-4A57-ACBD-2176BEDBF4B8}.Release|x64.ActiveCfg = Release|x64
		{F7554B9C-B892-4A57-ACBD-2176BEDBF4B8}.Release|x64.Build.0 = Release|x64
		{F7554B9C-B892-4A57-ACBD-2176BEDBF4B8}.Release|x86.ActiveCfg = Release|Win32
		{F7554B9C-B892-4A57-ACBD-2176BEDBF4B8}.Release|x86.Build.0 = Release|Win32
		{383558C1-4738-4662-9B6C-51BA381E9781}.Debug|x64.ActiveCfg = Debug|x64
		{383558C1-4738-4662-9B6C-51BA381E9781}.Debug|x64.Build.0 = Debug|x64
		{383558C1-4738-4662-9B6C-51BA381E9781}.Debug|x86.ActiveCfg = Debug|Win32
		{383558C1-4738-4662-9B6C-51BA381E9781}.Debug|x86.Build.0 = Debug|Win32
		{383558C1-4738-4662-9B6C-51BA381E9781}.Release|x64.ActiveCfg = Release|x64
		{383558C1-4738-4662-9B6C-51BA381E9781}.Release|x64.Build.0 = Release|x64
		{383558C1-4738-4662-9B6C-51BA381E9781}.Release|x86.ActiveCfg = Release|Win32
		{383558C1-4738-4662-9B6C-51BA381E9781}.Release|x86.Build.0 = Release|Win32
		{2DDCD249-F149-4FFC-A4E9-B89CA5D282D2}.Debug|x64.ActiveCfg = Debug|x64
		{2DDCD249-F149-4FFC-A4E9-B89CA5D282D2}.Debug|x64.Build.0 = Debug|x64
		{2DDCD249-F149-4FFC-A4E9-B89CA5D282D2}.Debug|x86.ActiveCfg = Debug|Win32
		{2DDCD249-F149-4FFC-A4E9-B89CA5D282D2}.Debug|x86.Build.0 = Debug|Win32
		{2DDCD249-F149-4FFC-A4E9-B89CA5D282D2}.Release|x64.ActiveCfg = Release|x64
		{2DDCD249-F149-4FFC-A4E9-B89CA5D282D2}.Release|x64.Build.0 = Release|x64
		{2DDCD249-F149-4FFC-A4E9-B89CA5D282D2}.Release|x86.ActiveCfg = Release|Win32
		{2DDCD249-F149-4FFC-A4E9-B89CA5D282D2}.Release|x86.Build.0 = Release|Win32
		{47371F39-67A1-4C99-B167-65424F94B675}.Debug|x64.ActiveCfg = Debug|x64
		{47371F39-67A1-4C99-B167-65424F94B675}.Debug|x64.Build.0 = Debug|x64
		{47371F39-67A1-4C99-B167-65424F94B675}.Debug|x86.ActiveCfg = Debug|Win32
		{47371F39-67A1-4C99-B167-65424F94B675}.Debug|x86.Build.0 = Debug|Win32
		{47371F39-67A1-4C99-B167-65424F94B675}.Release|x64.ActiveCfg = Release|x64
		{47371F39-67A1-4C99-B167-65424F94B675}.Release|x64.Build.0 = Release|x64
		{47371F39-67A1-4C99-B167-65424F94B675}.Release|x86.ActiveCfg = Release|Win32
		{47371F39-67A1-4C99-B167-65424F94B675}.Release|x86.Build.0 = Release|Win32
		{8CC91DFD-029D-4DC7-A432-315D083B5BB6}.Debug|x64.ActiveCfg = Debug|x64
		{8CC91DFD-029D-4DC7-A432-315D083B5BB6}.Debug|x64.Build.0 = Debug|x64
		{8CC91DFD-029D-4DC7-A432-315D083B5BB6}.Debug|x86.ActiveCfg = Debug|Win32
		{8CC91DFD-029D-4DC7-A432-315D083B5BB6}.Debug|x86.Build.0 = Debug|Win32
		{8CC91DFD-029D-4DC7-A432-315D083B5BB6}.Release|x64.ActiveCfg = Release|x64
		{8CC91DFD-029D-4DC7-A432-315D083B5BB6}.Release|x64.Build.0 = Release|x64
		{8CC91DFD-029D-4DC7-A432-315D083B5BB6}.Release|x86.ActiveCfg = Release|Win32
		{8CC91DFD-029D-4DC7-A432-315D083B5BB6}.Release|x86.Build.0 = Release|Win32
		{2E34B5C4-C417-489B-A46B-1DFE82D3FD63}.Debug|x64.ActiveCfg = Debug|x64
		{2E34B5C4-C417-489B-A46B-1DFE82D3FD63}.Debug|x64.Build.0 = Debug|x64
		{2E34B5C4-C417-489B-A46B-1DFE82D3FD63}.Debug|x86.ActiveCfg = Debug|Win32
		{2E34B5C4-C417-489B-A46B-1DFE82D3FD63}.Debug|x86.Build.0 = Debug|Win32
		{2E34B5C4-C417-489B-A46B-1DFE82D3FD63}.Release|x64.ActiveCfg = Release|x64
		{2E34B5C4-C417-489B-A46B-1DFE82D3FD63}.Release|x64.Build.0 = Release|x64
		{2E34B5C4-C417-489B-A46B-1DFE82D3FD63}.Release|x86.ActiveCfg = Release|Win32
		{2E34B5C4-C417-489B-A46B-1DFE82D3FD63}.Release|x86.Build.0 = Release|Win32
		{B0A9BC15-3268-40EA-A0EF-7ADF05B36A8A}.Debug|x64.ActiveCfg = Debug|x64
		{B0A9BC15-3268-40EA-A0EF-7ADF05B36A8A}.Debug|x64.Build.0 = Debug|x64
		{B0A9BC15-3268-40EA-A0EF-7ADF05B36A8A}.Debug|x86.ActiveCfg = Debug|Win32
		{B0A9BC15-3268-40EA-A0EF-7ADF05B36A8A}.Debug|x86.Build.0 = Debug|Win32
		{B0A9BC15-3268-40EA-A0EF-7ADF05B36A8A}.Release|x64.ActiveCfg = Release|x64
		{B0A9BC15-3268-40EA-A0EF-7ADF05B36A8A}.Release|x64.Build.0 = Release|x64
		{B0A9BC15-3268-40EA-A0EF-7ADF05B36A8A}.Release|x86.ActiveCfg = Release|Win32
		{B0A9BC15-3268-40EA-A0EF-7ADF05B36A8A}.Release|x86.Build.0 = Release|Win32
		{063ECCD8-ED81-4C7C-BAB7-E4361A89CADC}.Debug|x64.ActiveCfg = Debug|x64
		{063ECCD8-ED81-4C7C-BAB7-E4361A89CADC}.Debug|x64.Build.0 = Debug|x64
		{063ECCD8-ED81-4C7C-BAB7-E4361A89CADC}.Debug|x86.ActiveCfg = Debug|Win32
		{063ECCD8-ED81-4C7C-BAB7-E4361A89CADC}.Debug|x86.Build.0 = Debug|Win32
		{063ECCD8-ED81-4C7C-BAB7-E4361A89CADC}.Release|x64.ActiveCfg = Release|x64
		{063ECCD8-ED81-4C7C-BAB7-E4361A89CADC}.Release|x64.Build.0 = Release|x64
		{063ECCD8-ED81-4C7C-BAB7-E4361A89CADC}.Release|x86.ActiveCfg = Release|Win32
		{063ECCD8-ED81-4C7C-BAB7-E4361A89CADC}.Release|x86.Build.0 = Release|Win32
		{1CACB68D-F8DA-47C9-A9BB-6C048DBF7EED}.Debug|x64.ActiveCfg = Debug|x64
		{1CACB68D-F8DA-47C9-A9BB-6C048DBF7EED}.Debug|x64.Build.0 = Debug|x64
		{1CACB68D-F8DA-47C9-A9BB-6C048DBF7EED}.Debug|x86.ActiveCfg = Debug|Win32
		{1CACB68D-F8DA-47C9-A9BB-6C048DBF7EED}.Debug|x86.Build.0 = Debug|Win32
		{1CACB68D-F8DA-47C9-A9BB-6C048DBF7EED}.Release|x64.ActiveCfg = Release|x64
		{1CACB68D-F8DA-47C9-A9BB-6C048DBF7EED}.Release|x64.Build.0 = Release|x64
		{1CACB68D-F8DA-47C9-A9BB-6C048DBF7EED}.Release|x86.ActiveCfg = Release|Win32
		{1CACB68D-F8DA-47C9-A9BB-6C048DBF7EED}.Release|x86.Build.0 = Release|Win32
		{9D49ADDF-57AA-47DD-B25A-DBC67A410F6B}.Debug|x64.ActiveCfg = Debug|x64
		{9D49ADDF-57AA-47DD-B25A-DBC67A410F6B}.Debug|x64.Build.0 = Debug|x64
		{9D49ADDF-57AA-47DD-B25A-DBC67A410F6B}.Debug|x86.ActiveCfg = Debug|Win32
		{9D49ADDF-57AA-47DD-B25A-DBC67A410F6B}.Debug|x86.Build.0 = Debug|Win32
		{9D49ADDF-57AA-47DD-B25A-DBC67A410F6B}.Release|x64.ActiveCfg = Release|x64
		{9D49ADDF-57AA-47DD-B25A-DBC67A410F6B}.Release|x64.Build.0 = Release|x64
		{9D49ADDF-57AA-47DD-B25A-DBC67A410F6B}.Release|x86.ActiveCfg = Release|Win32
		{9D49ADDF-57AA-47DD-B25A-DBC67A410F6B}.Release|x86.Build.0 = Release|Win32
		{1311942B-1643-4EF6-BBD1-FDE2B3D0BCB9}.Debug|x64.ActiveCfg = Debug|x64
		{1311942B-1643-4EF6-BBD1-FDE2B3D0BCB9}.Debug|x64.Build.0 = Debug|x64
		{1311942B-1643-4EF6-BBD1-FDE2B3D0BCB9}.Debug|x86.ActiveCfg = Debug|Win32
		{1311942B-1643-4EF6-BBD1-FDE2B3D0BCB9}.Debug|x86.Build.0 = Debug|Win32
		{1311942B-1643-4EF6-BBD1-FDE2B3D0BCB9}.Release|x64.ActiveCfg = Release|x64
		{1311942B-1643-4EF6-BBD1-FDE2B3D0BCB9}.Release|x64.Build.0 = Release|x64
		{1311942B-1643-4EF6-BBD1-FDE2B3D0BCB9}.Release|x86.ActiveCfg = Release|Win32
		{1311942B-1643-4EF6-BBD1-FDE2B3D0BCB9}.Release|x86.Build.0 = Release|Win32
		{5E90FAD5-7038-4C34-A80E-1E288C8D9342}.Debug|x64.ActiveCfg = Debug|x64
		{5E90FAD5-7038-4C34-A80E-1E288C8D9342}.Debug|x64.Build.0 = Debug|x64
		{5E90FAD5-7038-4C34-A80E-1E288C8D9342}.Debug|x86.ActiveCfg = Debug|Win32
		{5E90FAD5-7038-4C34-A80E-1E288C8D9342}.Debug|x86.Build.0 = Debug|Win32
		{5E90FAD5-7038-4C34-A80E-1E288C8D9342}.Release|x64.ActiveCfg = Release|x64
		{5E90FAD5-7038-4C34-A80E-1E288C8D9342}.Release|x64.Build.0 = Release|x64
		{5E90FAD5-7038-4C34-A80E-1E288C8D9342}.Release|x86.ActiveCfg = Release|Win32
		{5E90FAD5-7038-4C34-A80E-1E288C8D9342}.Release|x86.Build.0 = Release|Win32
		{4C1AB1B5-C88E-4A5B-8E5E-2568F0B89FA3}.Debug|x64.ActiveCfg = Debug|x64
		{4C1AB1B5-C88E-4A5B-8E5E-2568F0B89FA3}.Debug|x64.Build.0 = Debug|x64
		{4C1AB1B5-C88E-4A5B-8E5E-2568F0B89FA3}.Debug|x86.ActiveCfg = Debug|Win32
		{4C1AB1B5-C88E-4A5B-8E5E-2568F0B89FA3}.Debug|x86.Build.0 = Debug|Win32
		{4C1AB1B5-C88E-4A5B-8E5E-2568F0B89FA3}.Release|x64.ActiveCfg = Release|x64
		{4C1AB1B5-C88E-4A5B-8E5E-2568F0B89FA3}.Release|x64.Build.0 = Release|x64
		{4C1AB1B5-C88E-4A5B-8E5E-2568F0B89FA3}.Release|x86.ActiveCfg = Release|Win32
		{4C1AB1B5-C88E-4A5B-8E5E-2568F0B89FA3}.Release|x86.Build.0 = Release|Win32
		{E91D6EEB-928E-498D-A607-D27C534570E2}.Debug|x64.ActiveCfg = Debug|x64
		{E91D6EEB-928E-498D-A607-D27C534570E2}.Debug|x64.Build.0 = Debug|x64
		{E91D6EEB-928E-498D-A607-D27C534570E2}.Debug|x86.ActiveCfg = Debug|Win32
		{E91D6EEB-928E-498D-A607-D27C534570E2}.Debug|x86.Build.0 = Debug|Win32
		{E91D6EEB-928E-498D-A607-D27C534570E2}.Release|x64.ActiveCfg = Release|x64
		{E91D6EEB-928E-498D-A607-D27C534570E2}.Release|x64.Build.0 = Release|x64
		{E91D6EEB-928E-498D-A607-D27C534570E2}.Release|x86.ActiveCfg = Release|Win32
		{E91D6EEB-928E-498D-A607-D27C534570E2}.Release|x86.Build.0 = Release|Win32
		{DCC5B798-3946-40A5-B147-C8BF8059AEC0}.Debug|x64.ActiveCfg = Debug|x64
		{DCC5B798-3946-40A5-B147-C8BF8059AEC0}.Debug|x64.Build.0 = Debug|x64
		{DCC5B798-3946-40A5-B147-C8BF8059AEC0}.Debug|x86.ActiveCfg = Debug|Win32
		{DCC5B798-3946-40A5-B147-C8BF8059AEC0}.Debug|x86.Build.0 = Debug|Win32
		{DCC5B798-3946-40A5-B147-C8BF8059AEC0}.Release|x64.ActiveCfg = Release|x64
		{DCC5B798-3946-40A5-B147-C8BF8059AEC0}.Release|x64.Build.0 = Release|x64
		{DCC5B798-3946-40A5-B147-C8BF8059AEC0}.Release|x86.ActiveCfg = Release|Win32
		{DCC5B798-3946-40A5-B147-C8BF8059AEC0}.Release|x86.Build.0 = Release|Win32
		{7EF2E2FF-E80A-469F-BB39-5C95C6CFB628}.Debug|x64.ActiveCfg = Debug|x64
		{7EF2E2FF-E80A-469F-BB39-5C95C6CFB628}.Debug|x64.Build.0 = Debug|x64
		{7EF2E2FF-E80A-469F-BB39-5C95C6CFB628}.Debug|x86.ActiveCfg = Debug|Win32
		{7EF2E2FF-E80A-469F-BB39-5C95C6CFB628}.Debug|x86.Build.0 = Debug|Win32
		{7EF2E2FF-E80A-469F-BB39-5C95C6CFB628}.Release|x64.ActiveCfg = Release|x64
		{7EF2E2FF-E80A-469F-BB39-5C95C6CFB628}.Release|x64.Build.0 = Release|x64
		{7EF2E2FF-E80A-469F-BB39-5C95C6CFB628}.Release|x86.ActiveCfg = Release|Win32
		{7EF2E2FF-E80A-469F-BB39-5C95C6CFB628}.Release|x86.Build.0 = Release|Win32
		{11EA8E48-4F99-4EAA-8884-B8AE91A5F281}.Debug|x64.ActiveCfg = Debug|x64
		{11EA8E48-4F99-4EAA-8884-B8AE91A5F281}.Debug|x64.Build.0 = Debug|x64
		{11EA8E48-4F99-4EAA-8884-B8AE91A5F281}.Debug|x86.ActiveCfg = Debug|Win32
		{11EA8E48-4F99-4EAA-8884-B8AE91A5F281}.Debug|x86.Build.0 = Debug|Win32
		{11EA8E48-4F99-4EAA-8884-B8AE91A5F281}.Release|x64.ActiveCfg = Release|x64
		{11EA8E48-4F99-4EAA-8884-B8AE91A5F281}.Release|x64.Build.0 = Release|x64
		{11EA8E48-4F99-4EAA-8884-B8AE91A5F281}.Release|x86.ActiveCfg = Release|Win32
		{11EA8E48-4F99-4EAA-8884-B8AE91A5F281}.Release|x86.Build.0 = Release|Win32
		{C9FBECA4-4DC0-4798-94A6-9E2A1EA7C255}.Debug|x64.ActiveCfg = Debug|x64
		{C9FBECA4-4DC0-4798-94A6-9E2A1EA7C255}.Debug|x64.Build.0 = Debug|x64
		{C9FBECA4-4DC0-4798-94A6-9E2A1EA7C255}.Debug|x86.ActiveCfg = Debug|Win32
		{C9FBECA4-4DC0-4798-94A6-9E2A1EA7C255}.Debug|x86.Build.0 = Debug|Win32
		{C9FBECA4-4DC0-4798-94A6-9E2A1EA7C255}.Release|x64.ActiveCfg = Release|x64
		{C9FBECA4-4DC0-4798-94A6-9E2A1EA7C255}.Release|x64.Build.0 = Release|x64
		{C9FBECA4-4DC0-4798-94A6-9E2A1EA7C255}.Release|x86.ActiveCfg = Release|Win32
		{C9FBECA4-4DC0-4798-94A6-9E2A1EA7C255}.Release|x86.Build.0 = Release|Win32
		{C9354CEB-32CB-4930-8741-898F04376DBA}.Debug|x64.ActiveCfg = Debug|x64
		{C9354CEB-32CB-4930-8741-898F04376DBA}.Debug|x64.Build.0 = Debug|x64
		{C9354CEB-32CB-4930-8741-898F04376DBA}.Debug|x86.ActiveCfg = Debug|Win32
		{C9354CEB-32CB-4930-8741-898F04376DBA}.Debug|x86.Build.0 = Debug|Win32
		{C9354CEB-32CB-4930-8741-898F04376DBA}.Release|x64.ActiveCfg = Release|x64
		{C9354CEB-32CB-4930-8741-898F04376DBA}.Release|x64.Build.0 = Release|x64
		{C9354CEB-32CB-4930-8741-898F04376DBA}.Release|x86.ActiveCfg = Release|Win32
		{C9354CEB-32CB-4930-8741-898F04376DBA}.Release|x86.Build.0 = Release|Win32
		{B96BB64D-6831-4F69-916A-E23FCA6F3823}.Debug|x64.ActiveCfg = Debug|x64
		{B96BB64D-6831-4F69-916A-E23FCA6F3823}.Debug|x64.Build.0 = Debug|x64
		{B96BB64D-6831-4F69-916A-E23FCA6F3823}.Debug|x86.ActiveCfg = Debug|Win32
		{B96BB64D-6831-4F69-916A-E23FCA6F3823}.Debug|x86.Build.0 = Debug|Win32
		{B96BB64D-6831-4F69-916A-E23FCA6F3823}.Release|x64.ActiveCfg = Release|x64
		{B96BB64D-6831-4F69-916A-E23FCA6F3823}.Release|x64.Build.0 = Release|x64
		{B96BB64D-6831-4F69-916A-E23FCA6F3823}.Release|x86.ActiveCfg = Release|Win32
		{B96BB64D-6831-4F69-916A-E23FCA6F3823}.Release|x86.Build.0 = Release|Win32
		{BDC28C35-57DB-4522-BF6C-43EB3FA0F916}.Debug|x64.ActiveCfg = Debug|x64
		{BDC28C35-57DB-4522-BF6C-43EB3FA0F916}.Debug|x64.Build.0 = Debug|x64
		{BDC28C35-57DB-4522-BF6C-43EB3FA0F916}.Debug|x86.ActiveCfg = Debug|Win32
		{BDC28C35-57DB-4522-BF6C-43EB3FA0F916}.Debug|x86.Build.0 = Debug|Win32
		{BDC28C35-57DB-4522-BF6C-43EB3FA0F916}.Release|x64.ActiveCfg = Release|x64
		{BDC28C35-57DB-4522-BF6C-43EB3FA0F916}.Release|x64.Build.0 = Release|x64
		{BDC28C35-57DB-4522-BF6C-43EB3FA0F916}.Release|x86.ActiveCfg = Release|Win32
		{BDC28C35-57DB-4522-BF6C-43EB3FA0F916}.Release|x86.Build.0 = Release|Win32
		{C5FD91BB-59C3-464F-B363-8A9E45567F2F}.Debug|x64.ActiveCfg = Debug|x64
		{C5FD91BB-59C3-464F-B363-8A9E45567F2F}.Debug|x64.Build.0 = Debug|x64
		{C5FD91BB-59C3-464F-B363-8A9E45567F2F}.Debug|x86.ActiveCfg = Debug|Win32
		{C5FD91BB-59C3-464F-B363-8A9E45567F2F}.Debug|x86.Build.0 = Debug|Win32
		{C5FD91BB-59C3-464F-B363-8A9E45567F2F}.Release|x64.ActiveCfg = Release|x64
		{C5FD91BB-59C3-464F-B363-8A9E45567F2F}.Release|x64.Build.0 = Release|x64
		{C5FD91BB-59C3-464F-B363-8A9E45567F2F}.Release|x86.ActiveCfg = Release|Win32
		{C5FD91BB-59C3-464F-B363-8A9E45567F2F}.Release|x86.Build.0 = Release|Win32
		{968BCF51-3CA3-44D3-BB81-BB153484EBCC}.Debug|x64.ActiveCfg = Debug|x64
		{968BCF51-3CA3-44D3-BB81-BB153484EBCC}.Debug|x64.Build.0 = Debug|x64
		{968BCF51-3CA3-44D3-BB81-BB153484EBCC}.Debug|x86.ActiveCfg = Debug|Win32
		{968BCF51-3CA3-44D3-BB81-BB153484EBCC}.Debug|x86.Build.0 = Debug|Win32
		{968BCF51-3CA3-44D3-BB81-BB153484EBCC}.Release|x64.ActiveCfg = Release|x64
		{968BCF51-3CA3-44D3-BB81-BB153484EBCC}.Release|x64.Build.0 = Release|x64
		{968BCF51-3CA3-44D3-BB81-BB153484EBCC}.Release|x86.ActiveCfg = Release|Win32
		{968BCF51-3CA3-44D3-BB81-BB153484EBCC}.Release|x86.Build.0 = Release|Win32
		{5C22A94F-DF6F-468E-BA80-581BD6D33E6A}.Debug|x64.ActiveCfg = Debug|x64
		{5C22A94F-DF6F-468E-BA80-581BD6D33E6A}.Debug|x64.Build.0 = Debug|x64
		{5C22A94F-DF6F-468E-BA80-581BD6D33E6A}.Debug|x86.ActiveCfg = Debug|Win32
		{5C22A94F-DF6F-468E-BA80-581BD6D33E6A}.Debug|x86.Build.0 = Debug|Win32
		{5C22A94F-DF6F-468E-BA80-581BD6D33E6A}.Release|x64.ActiveCfg = Release|x64
		{5C22A94F-DF6F-468E-BA80-581BD6D33E6A}.Release|x64.Build.0 = Release|x64
		{5C22A94F-DF6F-468E-BA80-581BD6D33E6A}.Release|x86.ActiveCfg = Release|Win32
		{5C22A94F-DF6F-468E-BA80-581BD6D33E6A}.Release|x86.Build.0 = Release|Win32
		{FBFBE3D7-F440-4456-AB58-B19F1A2FE0E2}.Debug|x64.ActiveCfg = Debug|x64
		{FBFBE3D7-F440-4456-AB58-B19F1A2FE0E2}.Debug|x64.Build.0 = Debug|x64
		{FBFBE3D7-F440-4456-AB58-B19F1A2FE0E2}.Debug|x86.ActiveCfg = Debug|Win32
		{FBFBE3D7-F440-4456-AB58-B19F1A2FE0E2}.Debug|x86.Build.0 = Debug|Win32
		{FBFBE3D7-F440-4456-AB58-B19F1A2FE0E2}.Release|x64.ActiveCfg = Release|x64
		{FBFBE3D7-F440-4456-AB58-B19F1A2FE0E2}.Release|x64.Build.0 = Release|x64
		{FBFBE3D7-F440-4456-AB58-B19F1A2FE0E2}.Release|x86.ActiveCfg = Release|Win32
		{FBFBE3D7-F440-4456-AB58-B19F1A2FE0E2}.Release|x86.Build.0 = Release|Win32
		{CB5138B0-FBC3-4580-9FF5-02C1CEB6889B}.Debug|x64.ActiveCfg = Debug|x64
		{CB5138B0-FBC3-4580-9FF5-02C1CEB6889B}.Debug|x64.Build.0 = Debug|x64
		{CB5138B0-FBC3-4580-9FF5-02C1CEB6889B}.Debug|x86.ActiveCfg = Debug|Win32
		{CB5138B0-FBC3-4580-9FF5-02C1CEB6889B}.Debug|x86.Build.0 = Debug|Win32
		{CB5138B0-FBC3-4580-9FF5-02C1CEB6889B}.Release|x64.ActiveCfg = Release|x64
		{CB5138B0-FBC3-4580-9FF5-02C1CEB6889B}.Release|x64.Build.0 = Release|x64
		{CB5138B0-FBC3-4580-9FF5-02C1CEB6889B}.Release|x86.ActiveCfg = Release|Win32
		{CB5138B0-FBC3-4580-9FF5-02C1CEB6889B}.Release|x86.Build.0 = Release|Win32
		{EC08B571-383F-48DC-B657-E42C67D4EB6D}.Debug|x64.ActiveCfg = Debug|x64
		{EC08B571-383F-48DC-B657-E42C67D4EB6D}.Debug|x64.Build.0 = Debug|x64
		{EC08B571-383F-48DC-B657-E42C67D4EB6D}.Debug|x86.ActiveCfg = Debug|Win32
		{EC08B571-383F-48DC-B657-E42C67D4EB6D}.Debug|x86.Build.0 = Debug|Win32
		{EC08B571-383F-48DC-B657-E42C67D4EB6D}.Release|x64.ActiveCfg = Release|x64
		{EC08B571-383F-48DC-B657-E42C67D4EB6D}.Release|x64.Build.0 = Release|x64
		{EC08B571-383F-48DC-B657-E42C67D4EB6D}.Release|x86.ActiveCfg = Release|Win32
		{EC08B571-383F-48DC-B657-E42C67D4EB6D}.Release|x86.Build.0 = Release|Win32
	EndGlobalSection
	GlobalSection(SolutionProperties) = preSolution
		HideSolutionNode = FALSE
	EndGlobalSection
	GlobalSection(ExtensibilityGlobals) = postSolution
		SolutionGuid = {2A5160A4-45CC-4C8D-8AF4-66E8CE093637}
	EndGlobalSection
EndGlobal
