
Microsoft Visual Studio Solution File, Format Version 12.00
# Visual Studio Version 17
VisualStudioVersion = 17.14.36518.9 d17.14
MinimumVisualStudioVersion = 10.0.40219.1
Project("{8BC9CEB8-8B4A-11D0-8D11-00A0C91BC942}") = "Propositional Logic Inference", "Propositional Logic Inference\Propositional Logic Inference.vcxproj", "{51FD239B-A4AB-4157-8779-6AE2E6615151}"
EndProject
Global
	GlobalSection(SolutionConfigurationPlatforms) = preSolution
		Debug|x64 = Debug|x64
		Debug|x86 = Debug|x86
		Release|x64 = Release|x64
		Release|x86 = Release|x86
	EndGlobalSection
	GlobalSection(ProjectConfigurationPlatforms) = postSolution
		{51FD239B-A4AB-4157-8779-6AE2E6615151}.Debug|x64.ActiveCfg = Debug|x64
		{51FD239B-A4AB-4157-8779-6AE2E6615151}.Debug|x64.Build.0 = Debug|x64
		{51FD239B-A4AB-4157-8779-6AE2E6615151}.Debug|x86.ActiveCfg = Debug|Win32
		{51FD239B-A4AB-4157-8779-6AE2E6615151}.Debug|x86.Build.0 = Debug|Win32
		{51FD239B-A4AB-4157-8779-6AE2E6615151}.Release|x64.ActiveCfg = Release|x64
		{51FD239B-A4AB-4157-8779-6AE2E6615151}.Release|x64.Build.0 = Release|x64
		{51FD239B-A4AB-4157-8779-6AE2E6615151}.Release|x86.ActiveCfg = Release|Win32
		{51FD239B-A4AB-4157-8779-6AE2E6615151}.Release|x86.Build.0 = Release|Win32
	EndGlobalSection
	GlobalSection(SolutionProperties) = preSolution
		HideSolutionNode = FALSE
	EndGlobalSection
	GlobalSection(ExtensibilityGlobals) = postSolution
		SolutionGuid = {575FBECC-849B-4D8C-981A-000D460D056B}
	EndGlobalSection
EndGlobal
