
Microsoft Visual Studio Solution File, Format Version 12.00
# Visual Studio Version 17
VisualStudioVersion = 17.14.36414.22
MinimumVisualStudioVersion = 10.0.40219.1
Project("{8BC9CEB8-8B4A-11D0-8D11-00A0C91BC942}") = "c++learning", "c++learning\c++learning.vcxproj", "{D9D32DF6-F6F0-4FFD-BE34-D35BD1CB4E61}"
EndProject
Project("{8BC9CEB8-8B4A-11D0-8D11-00A0C91BC942}") = "new and delete", "new\new.vcxproj", "{D001303A-245F-4115-AC42-DCDCCBDD4570}"
EndProject
Project("{8BC9CEB8-8B4A-11D0-8D11-00A0C91BC942}") = "vector", "vector\vector.vcxproj", "{AABEF2D6-A6B1-4817-A673-EE2555A60A3C}"
EndProject
Project("{8BC9CEB8-8B4A-11D0-8D11-00A0C91BC942}") = "linked_list链表", "linked_list链表\linked_list链表.vcxproj", "{631BAAEF-7136-4EDF-BAE0-8894DEDE1065}"
EndProject
Project("{8BC9CEB8-8B4A-11D0-8D11-00A0C91BC942}") = "linked_list链表of_me", "linked_list链表of_me\linked_list链表of_me.vcxproj", "{225B389D-716B-4169-AFD0-4193CAEAADA4}"
EndProject
Project("{8BC9CEB8-8B4A-11D0-8D11-00A0C91BC942}") = "MyQueue_by_array", "MyQueue_by_array\MyQueue_by_array.vcxproj", "{E3163191-DC1A-4438-A9BB-C532EF3D2679}"
EndProject
Project("{8BC9CEB8-8B4A-11D0-8D11-00A0C91BC942}") = "MyQueue_by_linkedList", "MyQueue_by_linkedList\MyQueue_by_linkedList.vcxproj", "{277888EB-E8E2-40B6-8041-1A0B1005C46C}"
EndProject
Project("{8BC9CEB8-8B4A-11D0-8D11-00A0C91BC942}") = "priority_queue", "priority_queue\priority_queue.vcxproj", "{701A6737-857E-45A5-B7EB-3698D08A05E4}"
EndProject
Global
	GlobalSection(SolutionConfigurationPlatforms) = preSolution
		Debug|x64 = Debug|x64
		Debug|x86 = Debug|x86
		Release|x64 = Release|x64
		Release|x86 = Release|x86
	EndGlobalSection
	GlobalSection(ProjectConfigurationPlatforms) = postSolution
		{D9D32DF6-F6F0-4FFD-BE34-D35BD1CB4E61}.Debug|x64.ActiveCfg = Debug|x64
		{D9D32DF6-F6F0-4FFD-BE34-D35BD1CB4E61}.Debug|x64.Build.0 = Debug|x64
		{D9D32DF6-F6F0-4FFD-BE34-D35BD1CB4E61}.Debug|x86.ActiveCfg = Debug|Win32
		{D9D32DF6-F6F0-4FFD-BE34-D35BD1CB4E61}.Debug|x86.Build.0 = Debug|Win32
		{D9D32DF6-F6F0-4FFD-BE34-D35BD1CB4E61}.Release|x64.ActiveCfg = Release|x64
		{D9D32DF6-F6F0-4FFD-BE34-D35BD1CB4E61}.Release|x64.Build.0 = Release|x64
		{D9D32DF6-F6F0-4FFD-BE34-D35BD1CB4E61}.Release|x86.ActiveCfg = Release|Win32
		{D9D32DF6-F6F0-4FFD-BE34-D35BD1CB4E61}.Release|x86.Build.0 = Release|Win32
		{D001303A-245F-4115-AC42-DCDCCBDD4570}.Debug|x64.ActiveCfg = Debug|x64
		{D001303A-245F-4115-AC42-DCDCCBDD4570}.Debug|x64.Build.0 = Debug|x64
		{D001303A-245F-4115-AC42-DCDCCBDD4570}.Debug|x86.ActiveCfg = Debug|Win32
		{D001303A-245F-4115-AC42-DCDCCBDD4570}.Debug|x86.Build.0 = Debug|Win32
		{D001303A-245F-4115-AC42-DCDCCBDD4570}.Release|x64.ActiveCfg = Release|x64
		{D001303A-245F-4115-AC42-DCDCCBDD4570}.Release|x64.Build.0 = Release|x64
		{D001303A-245F-4115-AC42-DCDCCBDD4570}.Release|x86.ActiveCfg = Release|Win32
		{D001303A-245F-4115-AC42-DCDCCBDD4570}.Release|x86.Build.0 = Release|Win32
		{AABEF2D6-A6B1-4817-A673-EE2555A60A3C}.Debug|x64.ActiveCfg = Debug|x64
		{AABEF2D6-A6B1-4817-A673-EE2555A60A3C}.Debug|x64.Build.0 = Debug|x64
		{AABEF2D6-A6B1-4817-A673-EE2555A60A3C}.Debug|x86.ActiveCfg = Debug|Win32
		{AABEF2D6-A6B1-4817-A673-EE2555A60A3C}.Debug|x86.Build.0 = Debug|Win32
		{AABEF2D6-A6B1-4817-A673-EE2555A60A3C}.Release|x64.ActiveCfg = Release|x64
		{AABEF2D6-A6B1-4817-A673-EE2555A60A3C}.Release|x64.Build.0 = Release|x64
		{AABEF2D6-A6B1-4817-A673-EE2555A60A3C}.Release|x86.ActiveCfg = Release|Win32
		{AABEF2D6-A6B1-4817-A673-EE2555A60A3C}.Release|x86.Build.0 = Release|Win32
		{631BAAEF-7136-4EDF-BAE0-8894DEDE1065}.Debug|x64.ActiveCfg = Debug|x64
		{631BAAEF-7136-4EDF-BAE0-8894DEDE1065}.Debug|x64.Build.0 = Debug|x64
		{631BAAEF-7136-4EDF-BAE0-8894DEDE1065}.Debug|x86.ActiveCfg = Debug|Win32
		{631BAAEF-7136-4EDF-BAE0-8894DEDE1065}.Debug|x86.Build.0 = Debug|Win32
		{631BAAEF-7136-4EDF-BAE0-8894DEDE1065}.Release|x64.ActiveCfg = Release|x64
		{631BAAEF-7136-4EDF-BAE0-8894DEDE1065}.Release|x64.Build.0 = Release|x64
		{631BAAEF-7136-4EDF-BAE0-8894DEDE1065}.Release|x86.ActiveCfg = Release|Win32
		{631BAAEF-7136-4EDF-BAE0-8894DEDE1065}.Release|x86.Build.0 = Release|Win32
		{225B389D-716B-4169-AFD0-4193CAEAADA4}.Debug|x64.ActiveCfg = Debug|x64
		{225B389D-716B-4169-AFD0-4193CAEAADA4}.Debug|x64.Build.0 = Debug|x64
		{225B389D-716B-4169-AFD0-4193CAEAADA4}.Debug|x86.ActiveCfg = Debug|Win32
		{225B389D-716B-4169-AFD0-4193CAEAADA4}.Debug|x86.Build.0 = Debug|Win32
		{225B389D-716B-4169-AFD0-4193CAEAADA4}.Release|x64.ActiveCfg = Release|x64
		{225B389D-716B-4169-AFD0-4193CAEAADA4}.Release|x64.Build.0 = Release|x64
		{225B389D-716B-4169-AFD0-4193CAEAADA4}.Release|x86.ActiveCfg = Release|Win32
		{225B389D-716B-4169-AFD0-4193CAEAADA4}.Release|x86.Build.0 = Release|Win32
		{E3163191-DC1A-4438-A9BB-C532EF3D2679}.Debug|x64.ActiveCfg = Debug|x64
		{E3163191-DC1A-4438-A9BB-C532EF3D2679}.Debug|x64.Build.0 = Debug|x64
		{E3163191-DC1A-4438-A9BB-C532EF3D2679}.Debug|x86.ActiveCfg = Debug|Win32
		{E3163191-DC1A-4438-A9BB-C532EF3D2679}.Debug|x86.Build.0 = Debug|Win32
		{E3163191-DC1A-4438-A9BB-C532EF3D2679}.Release|x64.ActiveCfg = Release|x64
		{E3163191-DC1A-4438-A9BB-C532EF3D2679}.Release|x64.Build.0 = Release|x64
		{E3163191-DC1A-4438-A9BB-C532EF3D2679}.Release|x86.ActiveCfg = Release|Win32
		{E3163191-DC1A-4438-A9BB-C532EF3D2679}.Release|x86.Build.0 = Release|Win32
		{277888EB-E8E2-40B6-8041-1A0B1005C46C}.Debug|x64.ActiveCfg = Debug|x64
		{277888EB-E8E2-40B6-8041-1A0B1005C46C}.Debug|x64.Build.0 = Debug|x64
		{277888EB-E8E2-40B6-8041-1A0B1005C46C}.Debug|x86.ActiveCfg = Debug|Win32
		{277888EB-E8E2-40B6-8041-1A0B1005C46C}.Debug|x86.Build.0 = Debug|Win32
		{277888EB-E8E2-40B6-8041-1A0B1005C46C}.Release|x64.ActiveCfg = Release|x64
		{277888EB-E8E2-40B6-8041-1A0B1005C46C}.Release|x64.Build.0 = Release|x64
		{277888EB-E8E2-40B6-8041-1A0B1005C46C}.Release|x86.ActiveCfg = Release|Win32
		{277888EB-E8E2-40B6-8041-1A0B1005C46C}.Release|x86.Build.0 = Release|Win32
		{701A6737-857E-45A5-B7EB-3698D08A05E4}.Debug|x64.ActiveCfg = Debug|x64
		{701A6737-857E-45A5-B7EB-3698D08A05E4}.Debug|x64.Build.0 = Debug|x64
		{701A6737-857E-45A5-B7EB-3698D08A05E4}.Debug|x86.ActiveCfg = Debug|Win32
		{701A6737-857E-45A5-B7EB-3698D08A05E4}.Debug|x86.Build.0 = Debug|Win32
		{701A6737-857E-45A5-B7EB-3698D08A05E4}.Release|x64.ActiveCfg = Release|x64
		{701A6737-857E-45A5-B7EB-3698D08A05E4}.Release|x64.Build.0 = Release|x64
		{701A6737-857E-45A5-B7EB-3698D08A05E4}.Release|x86.ActiveCfg = Release|Win32
		{701A6737-857E-45A5-B7EB-3698D08A05E4}.Release|x86.Build.0 = Release|Win32
	EndGlobalSection
	GlobalSection(SolutionProperties) = preSolution
		HideSolutionNode = FALSE
	EndGlobalSection
	GlobalSection(ExtensibilityGlobals) = postSolution
		SolutionGuid = {338BC8B2-C977-487B-AF71-505098D43A3C}
	EndGlobalSection
EndGlobal
